
Microsoft Visual Studio Solution File, Format Version 12.00
# Visual Studio Version 16
VisualStudioVersion = 16.0.30804.86
MinimumVisualStudioVersion = 10.0.40219.1
Project("{FAE04EC0-301F-11D3-BF4B-00C04F79EFBC}") = "Aper_bot", "Aper_bot\Aper_bot.csproj", "{6CB317AC-927D-473D-8A34-1DBF1E73C237}"
EndProject
Project("{9A19103F-16F7-4668-BE54-9A1E7A4F7556}") = "Brigadier.NET", "Brigadier.NET\Brigadier.NET\Brigadier.NET.csproj", "{4C3A6D49-9347-4BC1-9566-98F6C5604DA9}"
EndProject
Project("{2150E333-8FDC-42A3-9474-1A3956D46DE8}") = "Solution Items", "Solution Items", "{0970B929-048E-44B2-8319-B1E5544B978B}"
	ProjectSection(SolutionItems) = preProject
		.editorconfig = .editorconfig
	EndProjectSection
EndProject
Project("{FAE04EC0-301F-11D3-BF4B-00C04F79EFBC}") = "DSharpPlus.SlashCommands", "DSharpPlus.SlashCommands\DSharpPlus.SlashCommands\DSharpPlus.SlashCommands.csproj", "{61BE40EF-69E5-47F0-BE71-4212674DE296}"
EndProject
Global
	GlobalSection(SolutionConfigurationPlatforms) = preSolution
		Debug|Any CPU = Debug|Any CPU
		Release|Any CPU = Release|Any CPU
	EndGlobalSection
	GlobalSection(ProjectConfigurationPlatforms) = postSolution
		{6CB317AC-927D-473D-8A34-1DBF1E73C237}.Debug|Any CPU.ActiveCfg = Debug|Any CPU
		{6CB317AC-927D-473D-8A34-1DBF1E73C237}.Debug|Any CPU.Build.0 = Debug|Any CPU
		{6CB317AC-927D-473D-8A34-1DBF1E73C237}.Release|Any CPU.ActiveCfg = Release|Any CPU
		{6CB317AC-927D-473D-8A34-1DBF1E73C237}.Release|Any CPU.Build.0 = Release|Any CPU
		{4C3A6D49-9347-4BC1-9566-98F6C5604DA9}.Debug|Any CPU.ActiveCfg = Debug|Any CPU
		{4C3A6D49-9347-4BC1-9566-98F6C5604DA9}.Debug|Any CPU.Build.0 = Debug|Any CPU
		{4C3A6D49-9347-4BC1-9566-98F6C5604DA9}.Release|Any CPU.ActiveCfg = Release|Any CPU
		{4C3A6D49-9347-4BC1-9566-98F6C5604DA9}.Release|Any CPU.Build.0 = Release|Any CPU
		{61BE40EF-69E5-47F0-BE71-4212674DE296}.Debug|Any CPU.ActiveCfg = Debug|Any CPU
		{61BE40EF-69E5-47F0-BE71-4212674DE296}.Debug|Any CPU.Build.0 = Debug|Any CPU
		{61BE40EF-69E5-47F0-BE71-4212674DE296}.Release|Any CPU.ActiveCfg = Release|Any CPU
		{61BE40EF-69E5-47F0-BE71-4212674DE296}.Release|Any CPU.Build.0 = Release|Any CPU
	EndGlobalSection
	GlobalSection(SolutionProperties) = preSolution
		HideSolutionNode = FALSE
	EndGlobalSection
	GlobalSection(ExtensibilityGlobals) = postSolution
		SolutionGuid = {509EBE9B-34E7-4936-AA3A-36E63FB18901}
	EndGlobalSection
EndGlobal
